
Microsoft Visual Studio Solution File, Format Version 12.00
# Visual Studio Version 17
VisualStudioVersion = 17.6.33815.320
MinimumVisualStudioVersion = 10.0.40219.1
Project("{9A19103F-16F7-4668-BE54-9A1E7A4F7556}") = "SERVER", "Project\SERVER.csproj", "{64440271-4296-4300-B139-864A8DEBB590}"
EndProject
Project("{FAE04EC0-301F-11D3-BF4B-00C04F79EFBC}") = "DAL", "DAL\DAL.csproj", "{FD309020-2F09-419B-A49C-4367B2366657}"
EndProject
Project("{FAE04EC0-301F-11D3-BF4B-00C04F79EFBC}") = "BL", "BL\BL.csproj", "{ABFE47DD-CEA5-4EBD-AFDD-25B3A534CD86}"
EndProject
Global
	GlobalSection(SolutionConfigurationPlatforms) = preSolution
		Debug|Any CPU = Debug|Any CPU
		Release|Any CPU = Release|Any CPU
	EndGlobalSection
	GlobalSection(ProjectConfigurationPlatforms) = postSolution
		{64440271-4296-4300-B139-864A8DEBB590}.Debug|Any CPU.ActiveCfg = Debug|Any CPU
		{64440271-4296-4300-B139-864A8DEBB590}.Debug|Any CPU.Build.0 = Debug|Any CPU
		{64440271-4296-4300-B139-864A8DEBB590}.Release|Any CPU.ActiveCfg = Release|Any CPU
		{64440271-4296-4300-B139-864A8DEBB590}.Release|Any CPU.Build.0 = Release|Any CPU
		{FD309020-2F09-419B-A49C-4367B2366657}.Debug|Any CPU.ActiveCfg = Debug|Any CPU
		{FD309020-2F09-419B-A49C-4367B2366657}.Debug|Any CPU.Build.0 = Debug|Any CPU
		{FD309020-2F09-419B-A49C-4367B2366657}.Release|Any CPU.ActiveCfg = Release|Any CPU
		{FD309020-2F09-419B-A49C-4367B2366657}.Release|Any CPU.Build.0 = Release|Any CPU
		{ABFE47DD-CEA5-4EBD-AFDD-25B3A534CD86}.Debug|Any CPU.ActiveCfg = Debug|Any CPU
		{ABFE47DD-CEA5-4EBD-AFDD-25B3A534CD86}.Debug|Any CPU.Build.0 = Debug|Any CPU
		{ABFE47DD-CEA5-4EBD-AFDD-25B3A534CD86}.Release|Any CPU.ActiveCfg = Release|Any CPU
		{ABFE47DD-CEA5-4EBD-AFDD-25B3A534CD86}.Release|Any CPU.Build.0 = Release|Any CPU
	EndGlobalSection
	GlobalSection(SolutionProperties) = preSolution
		HideSolutionNode = FALSE
	EndGlobalSection
	GlobalSection(ExtensibilityGlobals) = postSolution
		SolutionGuid = {60197452-A3F4-4F5C-BB8A-4AEFBBDFF95D}
	EndGlobalSection
EndGlobal
